// !$*UTF8*$!
{
	archiveVersion = 1;
	classes = {
	};
	objectVersion = 56;
	objects = {

/* Begin PBXBuildFile section */
		1F38E69B2BC0119B00203F95 /* Rubik-Bold.ttf in Resources */ = {isa = PBXBuildFile; fileRef = 1F38E68D2BC0119B00203F95 /* Rubik-Bold.ttf */; };
		1F38E69C2BC0119B00203F95 /* Rubik-SemiBoldItalic.ttf in Resources */ = {isa = PBXBuildFile; fileRef = 1F38E68E2BC0119B00203F95 /* Rubik-SemiBoldItalic.ttf */; };
		1F38E69D2BC0119B00203F95 /* Rubik-Light.ttf in Resources */ = {isa = PBXBuildFile; fileRef = 1F38E68F2BC0119B00203F95 /* Rubik-Light.ttf */; };
		1F38E69E2BC0119B00203F95 /* Rubik-Medium.ttf in Resources */ = {isa = PBXBuildFile; fileRef = 1F38E6902BC0119B00203F95 /* Rubik-Medium.ttf */; };
		1F38E69F2BC0119B00203F95 /* Rubik-ExtraBoldItalic.ttf in Resources */ = {isa = PBXBuildFile; fileRef = 1F38E6912BC0119B00203F95 /* Rubik-ExtraBoldItalic.ttf */; };
		1F38E6A02BC0119B00203F95 /* Rubik-Black.ttf in Resources */ = {isa = PBXBuildFile; fileRef = 1F38E6922BC0119B00203F95 /* Rubik-Black.ttf */; };
		1F38E6A12BC0119B00203F95 /* Rubik-Italic.ttf in Resources */ = {isa = PBXBuildFile; fileRef = 1F38E6932BC0119B00203F95 /* Rubik-Italic.ttf */; };
		1F38E6A22BC0119B00203F95 /* Rubik-LightItalic.ttf in Resources */ = {isa = PBXBuildFile; fileRef = 1F38E6942BC0119B00203F95 /* Rubik-LightItalic.ttf */; };
		1F38E6A32BC0119B00203F95 /* Rubik-SemiBold.ttf in Resources */ = {isa = PBXBuildFile; fileRef = 1F38E6952BC0119B00203F95 /* Rubik-SemiBold.ttf */; };
		1F38E6A42BC0119B00203F95 /* Rubik-BlackItalic.ttf in Resources */ = {isa = PBXBuildFile; fileRef = 1F38E6962BC0119B00203F95 /* Rubik-BlackItalic.ttf */; };
		1F38E6A52BC0119B00203F95 /* Rubik-ExtraBold.ttf in Resources */ = {isa = PBXBuildFile; fileRef = 1F38E6972BC0119B00203F95 /* Rubik-ExtraBold.ttf */; };
		1F38E6A62BC0119B00203F95 /* Rubik-Regular.ttf in Resources */ = {isa = PBXBuildFile; fileRef = 1F38E6982BC0119B00203F95 /* Rubik-Regular.ttf */; };
		1F38E6A72BC0119B00203F95 /* Rubik-BoldItalic.ttf in Resources */ = {isa = PBXBuildFile; fileRef = 1F38E6992BC0119B00203F95 /* Rubik-BoldItalic.ttf */; };
		1F38E6AE2BC011E100203F95 /* BebasNeueBold.ttf in Resources */ = {isa = PBXBuildFile; fileRef = 1F38E6A92BC011E100203F95 /* BebasNeueBold.ttf */; };
		1F38E6AF2BC011E100203F95 /* BebasNeueRegular.ttf in Resources */ = {isa = PBXBuildFile; fileRef = 1F38E6AA2BC011E100203F95 /* BebasNeueRegular.ttf */; };
		1F38E6B02BC011E100203F95 /* BebasNeueBook.ttf in Resources */ = {isa = PBXBuildFile; fileRef = 1F38E6AB2BC011E100203F95 /* BebasNeueBook.ttf */; };
		1F38E6B12BC011E100203F95 /* BebasNeueLight.ttf in Resources */ = {isa = PBXBuildFile; fileRef = 1F38E6AC2BC011E100203F95 /* BebasNeueLight.ttf */; };
		1F38E6B22BC011E100203F95 /* BebasNeueThin.ttf in Resources */ = {isa = PBXBuildFile; fileRef = 1F38E6AD2BC011E100203F95 /* BebasNeueThin.ttf */; };
		1F38E6B62BC014C600203F95 /* GenreCell.swift in Sources */ = {isa = PBXBuildFile; fileRef = 1F38E6B42BC014C600203F95 /* GenreCell.swift */; };
		1F38E6B72BC014C600203F95 /* GenreCell.xib in Resources */ = {isa = PBXBuildFile; fileRef = 1F38E6B52BC014C600203F95 /* GenreCell.xib */; };
		1FCA9DB92BBE506A007C38BA /* Constant.swift in Sources */ = {isa = PBXBuildFile; fileRef = 1FCA9DB82BBE506A007C38BA /* Constant.swift */; };
		5E1F52792BB07E2100D116B4 /* AppDelegate.swift in Sources */ = {isa = PBXBuildFile; fileRef = 5E1F52782BB07E2100D116B4 /* AppDelegate.swift */; };
		5E1F52832BB07E2100D116B4 /* Filmthusiast.xcdatamodeld in Sources */ = {isa = PBXBuildFile; fileRef = 5E1F52812BB07E2100D116B4 /* Filmthusiast.xcdatamodeld */; };
		5E1F52852BB07E2200D116B4 /* Assets.xcassets in Resources */ = {isa = PBXBuildFile; fileRef = 5E1F52842BB07E2200D116B4 /* Assets.xcassets */; };
		5E1F52912BB07F7600D116B4 /* APIService.swift in Sources */ = {isa = PBXBuildFile; fileRef = 5E1F52902BB07F7600D116B4 /* APIService.swift */; };
		5E1F52962BB0815600D116B4 /* Movie.swift in Sources */ = {isa = PBXBuildFile; fileRef = 5E1F52952BB0815600D116B4 /* Movie.swift */; };
		5E1F529A2BB084F000D116B4 /* HomeVC.xib in Resources */ = {isa = PBXBuildFile; fileRef = 5E1F52992BB084F000D116B4 /* HomeVC.xib */; };
		5E1F529B2BB084F000D116B4 /* HomeVC.swift in Sources */ = {isa = PBXBuildFile; fileRef = 5E1F52982BB084F000D116B4 /* HomeVC.swift */; };
		5E1F52A12BB0857E00D116B4 /* kenyc.ttf in Resources */ = {isa = PBXBuildFile; fileRef = 5E1F52A02BB0857E00D116B4 /* kenyc.ttf */; };
		5E1F52A62BB086F800D116B4 /* HomeMovieCell.xib in Resources */ = {isa = PBXBuildFile; fileRef = 5E1F52A52BB086F800D116B4 /* HomeMovieCell.xib */; };
		5E1F52A72BB086F800D116B4 /* HomeMovieCell.swift in Sources */ = {isa = PBXBuildFile; fileRef = 5E1F52A42BB086F800D116B4 /* HomeMovieCell.swift */; };
		5E239AB62BF9D73100F7428B /* MovieInfoSection.swift in Sources */ = {isa = PBXBuildFile; fileRef = 5E239AB52BF9D73100F7428B /* MovieInfoSection.swift */; };
		5E239AB82BF9D73D00F7428B /* MovieInfoSection.xib in Resources */ = {isa = PBXBuildFile; fileRef = 5E239AB72BF9D73D00F7428B /* MovieInfoSection.xib */; };
		5E3064A72BB95FBA00AA5BF9 /* UIViewController+.swift in Sources */ = {isa = PBXBuildFile; fileRef = 5E3064A62BB95FBA00AA5BF9 /* UIViewController+.swift */; };
		5E3064AA2BB960DA00AA5BF9 /* TabBarVC.swift in Sources */ = {isa = PBXBuildFile; fileRef = 5E3064A92BB960DA00AA5BF9 /* TabBarVC.swift */; };
		5E3064AE2BB9614300AA5BF9 /* SearchVC.swift in Sources */ = {isa = PBXBuildFile; fileRef = 5E3064AC2BB9614300AA5BF9 /* SearchVC.swift */; };
		5E3064AF2BB9614300AA5BF9 /* SearchVC.xib in Resources */ = {isa = PBXBuildFile; fileRef = 5E3064AD2BB9614300AA5BF9 /* SearchVC.xib */; };
		5E3064B32BB9616800AA5BF9 /* WatchListVC.swift in Sources */ = {isa = PBXBuildFile; fileRef = 5E3064B12BB9616800AA5BF9 /* WatchListVC.swift */; };
		5E3064B42BB9616800AA5BF9 /* WatchListVC.xib in Resources */ = {isa = PBXBuildFile; fileRef = 5E3064B22BB9616800AA5BF9 /* WatchListVC.xib */; };
		5E3064B82BB961AA00AA5BF9 /* CheckInVC.swift in Sources */ = {isa = PBXBuildFile; fileRef = 5E3064B62BB961AA00AA5BF9 /* CheckInVC.swift */; };
		5E3064B92BB961AA00AA5BF9 /* CheckInVC.xib in Resources */ = {isa = PBXBuildFile; fileRef = 5E3064B72BB961AA00AA5BF9 /* CheckInVC.xib */; };
		5E3064BD2BB965B600AA5BF9 /* MovieDetailVC.swift in Sources */ = {isa = PBXBuildFile; fileRef = 5E3064BB2BB965B600AA5BF9 /* MovieDetailVC.swift */; };
		5E3064BE2BB965B600AA5BF9 /* MovieDetailVC.xib in Resources */ = {isa = PBXBuildFile; fileRef = 5E3064BC2BB965B600AA5BF9 /* MovieDetailVC.xib */; };
		5E49FE7E2BBB0CCC009EB08B /* loading.gif in Resources */ = {isa = PBXBuildFile; fileRef = 5E49FE7D2BBB0CCC009EB08B /* loading.gif */; };
		5E4FCC752BB98A3000E15B6D /* Launch Screen.storyboard in Resources */ = {isa = PBXBuildFile; fileRef = 5E4FCC742BB98A3000E15B6D /* Launch Screen.storyboard */; };
		5E5AD1C22BBDB7CA00E36460 /* HomeShowcaseCell.xib in Resources */ = {isa = PBXBuildFile; fileRef = 5E5AD1C12BBDB7CA00E36460 /* HomeShowcaseCell.xib */; };
		5E5AD1C32BBDB7CA00E36460 /* HomeShowcaseCell.swift in Sources */ = {isa = PBXBuildFile; fileRef = 5E5AD1C02BBDB7CA00E36460 /* HomeShowcaseCell.swift */; };
		5E7C2F282BC27DC900AA0DA9 /* Cast.swift in Sources */ = {isa = PBXBuildFile; fileRef = 5E7C2F272BC27DC900AA0DA9 /* Cast.swift */; };
		5E7C2F332BC2832A00AA0DA9 /* HomeSliderView.swift in Sources */ = {isa = PBXBuildFile; fileRef = 5E7C2F312BC2832A00AA0DA9 /* HomeSliderView.swift */; };
		5E7C2F342BC2832A00AA0DA9 /* HomeSliderView.xib in Resources */ = {isa = PBXBuildFile; fileRef = 5E7C2F322BC2832A00AA0DA9 /* HomeSliderView.xib */; };
		5E86AA502BB915E8002FFEAE /* BaseCVCell.swift in Sources */ = {isa = PBXBuildFile; fileRef = 5E86AA4F2BB915E8002FFEAE /* BaseCVCell.swift */; };
		5E86AA632BB91CAB002FFEAE /* BaseLabelFont.swift in Sources */ = {isa = PBXBuildFile; fileRef = 5E86AA622BB91CAB002FFEAE /* BaseLabelFont.swift */; };
		5E86AA662BB91E89002FFEAE /* HomeSectionHeader.swift in Sources */ = {isa = PBXBuildFile; fileRef = 5E86AA642BB91E89002FFEAE /* HomeSectionHeader.swift */; };
		5E86AA672BB91E89002FFEAE /* HomeSectionHeader.xib in Resources */ = {isa = PBXBuildFile; fileRef = 5E86AA652BB91E89002FFEAE /* HomeSectionHeader.xib */; };
		5E91FC1C2BC1B14C00AE4CDD /* UIColor+.swift in Sources */ = {isa = PBXBuildFile; fileRef = 5E91FC1B2BC1B14C00AE4CDD /* UIColor+.swift */; };
		5E91FC1F2BC1B62C00AE4CDD /* MovieDetailHeader.swift in Sources */ = {isa = PBXBuildFile; fileRef = 5E91FC1D2BC1B62C00AE4CDD /* MovieDetailHeader.swift */; };
		5E91FC202BC1B62C00AE4CDD /* MovieDetailHeader.xib in Resources */ = {isa = PBXBuildFile; fileRef = 5E91FC1E2BC1B62C00AE4CDD /* MovieDetailHeader.xib */; };
		5E91FC212BC1B71700AE4CDD /* Rubik-MediumItalic.ttf in Resources */ = {isa = PBXBuildFile; fileRef = 1F38E68C2BC0119B00203F95 /* Rubik-MediumItalic.ttf */; };
		5EB6791E2BFA137E00F9BFBD /* CastSection.swift in Sources */ = {isa = PBXBuildFile; fileRef = 5EB6791D2BFA137E00F9BFBD /* CastSection.swift */; };
		5EB679202BFA138900F9BFBD /* CastSection.xib in Resources */ = {isa = PBXBuildFile; fileRef = 5EB6791F2BFA138900F9BFBD /* CastSection.xib */; };
		5EBEF09A2BBC347500EBB813 /* LoadingVC.xib in Resources */ = {isa = PBXBuildFile; fileRef = 5EBEF0992BBC347500EBB813 /* LoadingVC.xib */; };
		5EBEF09B2BBC347500EBB813 /* LoadingVC.swift in Sources */ = {isa = PBXBuildFile; fileRef = 5EBEF0982BBC347500EBB813 /* LoadingVC.swift */; };
		5EE19DD22BBDC0B500EAC7E0 /* UIView+.swift in Sources */ = {isa = PBXBuildFile; fileRef = 5EE19DD12BBDC0B500EAC7E0 /* UIView+.swift */; };
		5EE19DD52BBDC49F00EAC7E0 /* BaseVC.swift in Sources */ = {isa = PBXBuildFile; fileRef = 5EE19DD42BBDC49F00EAC7E0 /* BaseVC.swift */; };
		A8E408FE7BFD8341CF68007D /* Pods_Filmthusiast.framework in Frameworks */ = {isa = PBXBuildFile; fileRef = 9F7FA2B027BF6475637B27C3 /* Pods_Filmthusiast.framework */; };
/* End PBXBuildFile section */

/* Begin PBXFileReference section */
		1F38E68C2BC0119B00203F95 /* Rubik-MediumItalic.ttf */ = {isa = PBXFileReference; lastKnownFileType = file; path = "Rubik-MediumItalic.ttf"; sourceTree = "<group>"; };
		1F38E68D2BC0119B00203F95 /* Rubik-Bold.ttf */ = {isa = PBXFileReference; lastKnownFileType = file; path = "Rubik-Bold.ttf"; sourceTree = "<group>"; };
		1F38E68E2BC0119B00203F95 /* Rubik-SemiBoldItalic.ttf */ = {isa = PBXFileReference; lastKnownFileType = file; path = "Rubik-SemiBoldItalic.ttf"; sourceTree = "<group>"; };
		1F38E68F2BC0119B00203F95 /* Rubik-Light.ttf */ = {isa = PBXFileReference; lastKnownFileType = file; path = "Rubik-Light.ttf"; sourceTree = "<group>"; };
		1F38E6902BC0119B00203F95 /* Rubik-Medium.ttf */ = {isa = PBXFileReference; lastKnownFileType = file; path = "Rubik-Medium.ttf"; sourceTree = "<group>"; };
		1F38E6912BC0119B00203F95 /* Rubik-ExtraBoldItalic.ttf */ = {isa = PBXFileReference; lastKnownFileType = file; path = "Rubik-ExtraBoldItalic.ttf"; sourceTree = "<group>"; };
		1F38E6922BC0119B00203F95 /* Rubik-Black.ttf */ = {isa = PBXFileReference; lastKnownFileType = file; path = "Rubik-Black.ttf"; sourceTree = "<group>"; };
		1F38E6932BC0119B00203F95 /* Rubik-Italic.ttf */ = {isa = PBXFileReference; lastKnownFileType = file; path = "Rubik-Italic.ttf"; sourceTree = "<group>"; };
		1F38E6942BC0119B00203F95 /* Rubik-LightItalic.ttf */ = {isa = PBXFileReference; lastKnownFileType = file; path = "Rubik-LightItalic.ttf"; sourceTree = "<group>"; };
		1F38E6952BC0119B00203F95 /* Rubik-SemiBold.ttf */ = {isa = PBXFileReference; lastKnownFileType = file; path = "Rubik-SemiBold.ttf"; sourceTree = "<group>"; };
		1F38E6962BC0119B00203F95 /* Rubik-BlackItalic.ttf */ = {isa = PBXFileReference; lastKnownFileType = file; path = "Rubik-BlackItalic.ttf"; sourceTree = "<group>"; };
		1F38E6972BC0119B00203F95 /* Rubik-ExtraBold.ttf */ = {isa = PBXFileReference; lastKnownFileType = file; path = "Rubik-ExtraBold.ttf"; sourceTree = "<group>"; };
		1F38E6982BC0119B00203F95 /* Rubik-Regular.ttf */ = {isa = PBXFileReference; lastKnownFileType = file; path = "Rubik-Regular.ttf"; sourceTree = "<group>"; };
		1F38E6992BC0119B00203F95 /* Rubik-BoldItalic.ttf */ = {isa = PBXFileReference; lastKnownFileType = file; path = "Rubik-BoldItalic.ttf"; sourceTree = "<group>"; };
		1F38E6A92BC011E100203F95 /* BebasNeueBold.ttf */ = {isa = PBXFileReference; lastKnownFileType = file; path = BebasNeueBold.ttf; sourceTree = "<group>"; };
		1F38E6AA2BC011E100203F95 /* BebasNeueRegular.ttf */ = {isa = PBXFileReference; lastKnownFileType = file; path = BebasNeueRegular.ttf; sourceTree = "<group>"; };
		1F38E6AB2BC011E100203F95 /* BebasNeueBook.ttf */ = {isa = PBXFileReference; lastKnownFileType = file; path = BebasNeueBook.ttf; sourceTree = "<group>"; };
		1F38E6AC2BC011E100203F95 /* BebasNeueLight.ttf */ = {isa = PBXFileReference; lastKnownFileType = file; path = BebasNeueLight.ttf; sourceTree = "<group>"; };
		1F38E6AD2BC011E100203F95 /* BebasNeueThin.ttf */ = {isa = PBXFileReference; lastKnownFileType = file; path = BebasNeueThin.ttf; sourceTree = "<group>"; };
		1F38E6B42BC014C600203F95 /* GenreCell.swift */ = {isa = PBXFileReference; lastKnownFileType = sourcecode.swift; path = GenreCell.swift; sourceTree = "<group>"; };
		1F38E6B52BC014C600203F95 /* GenreCell.xib */ = {isa = PBXFileReference; lastKnownFileType = file.xib; path = GenreCell.xib; sourceTree = "<group>"; };
		1FCA9DB82BBE506A007C38BA /* Constant.swift */ = {isa = PBXFileReference; lastKnownFileType = sourcecode.swift; path = Constant.swift; sourceTree = "<group>"; };
		5E1F52752BB07E2100D116B4 /* Filmthusiast.app */ = {isa = PBXFileReference; explicitFileType = wrapper.application; includeInIndex = 0; path = Filmthusiast.app; sourceTree = BUILT_PRODUCTS_DIR; };
		5E1F52782BB07E2100D116B4 /* AppDelegate.swift */ = {isa = PBXFileReference; lastKnownFileType = sourcecode.swift; path = AppDelegate.swift; sourceTree = "<group>"; };
		5E1F52822BB07E2100D116B4 /* Filmthusiast.xcdatamodel */ = {isa = PBXFileReference; lastKnownFileType = wrapper.xcdatamodel; path = Filmthusiast.xcdatamodel; sourceTree = "<group>"; };
		5E1F52842BB07E2200D116B4 /* Assets.xcassets */ = {isa = PBXFileReference; lastKnownFileType = folder.assetcatalog; path = Assets.xcassets; sourceTree = "<group>"; };
		5E1F52892BB07E2200D116B4 /* Info.plist */ = {isa = PBXFileReference; lastKnownFileType = text.plist.xml; path = Info.plist; sourceTree = "<group>"; };
		5E1F52902BB07F7600D116B4 /* APIService.swift */ = {isa = PBXFileReference; lastKnownFileType = sourcecode.swift; path = APIService.swift; sourceTree = "<group>"; };
		5E1F52952BB0815600D116B4 /* Movie.swift */ = {isa = PBXFileReference; lastKnownFileType = sourcecode.swift; path = Movie.swift; sourceTree = "<group>"; };
		5E1F52982BB084F000D116B4 /* HomeVC.swift */ = {isa = PBXFileReference; lastKnownFileType = sourcecode.swift; path = HomeVC.swift; sourceTree = "<group>"; };
		5E1F52992BB084F000D116B4 /* HomeVC.xib */ = {isa = PBXFileReference; lastKnownFileType = file.xib; path = HomeVC.xib; sourceTree = "<group>"; };
		5E1F52A02BB0857E00D116B4 /* kenyc.ttf */ = {isa = PBXFileReference; lastKnownFileType = file; path = kenyc.ttf; sourceTree = "<group>"; };
		5E1F52A42BB086F800D116B4 /* HomeMovieCell.swift */ = {isa = PBXFileReference; lastKnownFileType = sourcecode.swift; path = HomeMovieCell.swift; sourceTree = "<group>"; };
		5E1F52A52BB086F800D116B4 /* HomeMovieCell.xib */ = {isa = PBXFileReference; lastKnownFileType = file.xib; path = HomeMovieCell.xib; sourceTree = "<group>"; };
		5E239AB52BF9D73100F7428B /* MovieInfoSection.swift */ = {isa = PBXFileReference; lastKnownFileType = sourcecode.swift; path = MovieInfoSection.swift; sourceTree = "<group>"; };
		5E239AB72BF9D73D00F7428B /* MovieInfoSection.xib */ = {isa = PBXFileReference; lastKnownFileType = file.xib; path = MovieInfoSection.xib; sourceTree = "<group>"; };
		5E3064A62BB95FBA00AA5BF9 /* UIViewController+.swift */ = {isa = PBXFileReference; lastKnownFileType = sourcecode.swift; path = "UIViewController+.swift"; sourceTree = "<group>"; };
		5E3064A92BB960DA00AA5BF9 /* TabBarVC.swift */ = {isa = PBXFileReference; lastKnownFileType = sourcecode.swift; path = TabBarVC.swift; sourceTree = "<group>"; };
		5E3064AC2BB9614300AA5BF9 /* SearchVC.swift */ = {isa = PBXFileReference; lastKnownFileType = sourcecode.swift; path = SearchVC.swift; sourceTree = "<group>"; };
		5E3064AD2BB9614300AA5BF9 /* SearchVC.xib */ = {isa = PBXFileReference; lastKnownFileType = file.xib; path = SearchVC.xib; sourceTree = "<group>"; };
		5E3064B12BB9616800AA5BF9 /* WatchListVC.swift */ = {isa = PBXFileReference; lastKnownFileType = sourcecode.swift; path = WatchListVC.swift; sourceTree = "<group>"; };
		5E3064B22BB9616800AA5BF9 /* WatchListVC.xib */ = {isa = PBXFileReference; lastKnownFileType = file.xib; path = WatchListVC.xib; sourceTree = "<group>"; };
		5E3064B62BB961AA00AA5BF9 /* CheckInVC.swift */ = {isa = PBXFileReference; lastKnownFileType = sourcecode.swift; path = CheckInVC.swift; sourceTree = "<group>"; };
		5E3064B72BB961AA00AA5BF9 /* CheckInVC.xib */ = {isa = PBXFileReference; lastKnownFileType = file.xib; path = CheckInVC.xib; sourceTree = "<group>"; };
		5E3064BB2BB965B600AA5BF9 /* MovieDetailVC.swift */ = {isa = PBXFileReference; lastKnownFileType = sourcecode.swift; path = MovieDetailVC.swift; sourceTree = "<group>"; };
		5E3064BC2BB965B600AA5BF9 /* MovieDetailVC.xib */ = {isa = PBXFileReference; lastKnownFileType = file.xib; path = MovieDetailVC.xib; sourceTree = "<group>"; };
		5E49FE7D2BBB0CCC009EB08B /* loading.gif */ = {isa = PBXFileReference; lastKnownFileType = image.gif; path = loading.gif; sourceTree = "<group>"; };
		5E4FCC742BB98A3000E15B6D /* Launch Screen.storyboard */ = {isa = PBXFileReference; lastKnownFileType = file.storyboard; path = "Launch Screen.storyboard"; sourceTree = "<group>"; };
		5E5AD1C02BBDB7CA00E36460 /* HomeShowcaseCell.swift */ = {isa = PBXFileReference; lastKnownFileType = sourcecode.swift; path = HomeShowcaseCell.swift; sourceTree = "<group>"; };
		5E5AD1C12BBDB7CA00E36460 /* HomeShowcaseCell.xib */ = {isa = PBXFileReference; lastKnownFileType = file.xib; path = HomeShowcaseCell.xib; sourceTree = "<group>"; };
		5E7C2F272BC27DC900AA0DA9 /* Cast.swift */ = {isa = PBXFileReference; lastKnownFileType = sourcecode.swift; path = Cast.swift; sourceTree = "<group>"; };
		5E7C2F312BC2832A00AA0DA9 /* HomeSliderView.swift */ = {isa = PBXFileReference; fileEncoding = 4; lastKnownFileType = sourcecode.swift; path = HomeSliderView.swift; sourceTree = "<group>"; };
		5E7C2F322BC2832A00AA0DA9 /* HomeSliderView.xib */ = {isa = PBXFileReference; fileEncoding = 4; lastKnownFileType = file.xib; path = HomeSliderView.xib; sourceTree = "<group>"; };
		5E86AA4F2BB915E8002FFEAE /* BaseCVCell.swift */ = {isa = PBXFileReference; lastKnownFileType = sourcecode.swift; path = BaseCVCell.swift; sourceTree = "<group>"; };
		5E86AA622BB91CAB002FFEAE /* BaseLabelFont.swift */ = {isa = PBXFileReference; lastKnownFileType = sourcecode.swift; path = BaseLabelFont.swift; sourceTree = "<group>"; };
		5E86AA642BB91E89002FFEAE /* HomeSectionHeader.swift */ = {isa = PBXFileReference; lastKnownFileType = sourcecode.swift; path = HomeSectionHeader.swift; sourceTree = "<group>"; };
		5E86AA652BB91E89002FFEAE /* HomeSectionHeader.xib */ = {isa = PBXFileReference; lastKnownFileType = file.xib; path = HomeSectionHeader.xib; sourceTree = "<group>"; };
		5E91FC1B2BC1B14C00AE4CDD /* UIColor+.swift */ = {isa = PBXFileReference; lastKnownFileType = sourcecode.swift; path = "UIColor+.swift"; sourceTree = "<group>"; };
		5E91FC1D2BC1B62C00AE4CDD /* MovieDetailHeader.swift */ = {isa = PBXFileReference; lastKnownFileType = sourcecode.swift; path = MovieDetailHeader.swift; sourceTree = "<group>"; };
		5E91FC1E2BC1B62C00AE4CDD /* MovieDetailHeader.xib */ = {isa = PBXFileReference; lastKnownFileType = file.xib; path = MovieDetailHeader.xib; sourceTree = "<group>"; };
		5EB6791D2BFA137E00F9BFBD /* CastSection.swift */ = {isa = PBXFileReference; lastKnownFileType = sourcecode.swift; path = CastSection.swift; sourceTree = "<group>"; };
		5EB6791F2BFA138900F9BFBD /* CastSection.xib */ = {isa = PBXFileReference; lastKnownFileType = file.xib; path = CastSection.xib; sourceTree = "<group>"; };
		5EBEF0982BBC347500EBB813 /* LoadingVC.swift */ = {isa = PBXFileReference; lastKnownFileType = sourcecode.swift; path = LoadingVC.swift; sourceTree = "<group>"; };
		5EBEF0992BBC347500EBB813 /* LoadingVC.xib */ = {isa = PBXFileReference; lastKnownFileType = file.xib; path = LoadingVC.xib; sourceTree = "<group>"; };
		5EE19DD12BBDC0B500EAC7E0 /* UIView+.swift */ = {isa = PBXFileReference; lastKnownFileType = sourcecode.swift; path = "UIView+.swift"; sourceTree = "<group>"; };
		5EE19DD42BBDC49F00EAC7E0 /* BaseVC.swift */ = {isa = PBXFileReference; lastKnownFileType = sourcecode.swift; path = BaseVC.swift; sourceTree = "<group>"; };
		7DAEE9A08085DA2BCC13ACB3 /* Pods-Filmthusiast.debug.xcconfig */ = {isa = PBXFileReference; includeInIndex = 1; lastKnownFileType = text.xcconfig; name = "Pods-Filmthusiast.debug.xcconfig"; path = "Target Support Files/Pods-Filmthusiast/Pods-Filmthusiast.debug.xcconfig"; sourceTree = "<group>"; };
		9F7FA2B027BF6475637B27C3 /* Pods_Filmthusiast.framework */ = {isa = PBXFileReference; explicitFileType = wrapper.framework; includeInIndex = 0; path = Pods_Filmthusiast.framework; sourceTree = BUILT_PRODUCTS_DIR; };
		BC22A59B5A521FA0FC75CE36 /* Pods-Filmthusiast.release.xcconfig */ = {isa = PBXFileReference; includeInIndex = 1; lastKnownFileType = text.xcconfig; name = "Pods-Filmthusiast.release.xcconfig"; path = "Target Support Files/Pods-Filmthusiast/Pods-Filmthusiast.release.xcconfig"; sourceTree = "<group>"; };
/* End PBXFileReference section */

/* Begin PBXFrameworksBuildPhase section */
		5E1F52722BB07E2100D116B4 /* Frameworks */ = {
			isa = PBXFrameworksBuildPhase;
			buildActionMask = 2147483647;
			files = (
				A8E408FE7BFD8341CF68007D /* Pods_Filmthusiast.framework in Frameworks */,
			);
			runOnlyForDeploymentPostprocessing = 0;
		};
/* End PBXFrameworksBuildPhase section */

/* Begin PBXGroup section */
		1EA3AC405743B86C6ADCFFFB /* Frameworks */ = {
			isa = PBXGroup;
			children = (
				9F7FA2B027BF6475637B27C3 /* Pods_Filmthusiast.framework */,
			);
			name = Frameworks;
			sourceTree = "<group>";
		};
		1F38E68B2BC0119B00203F95 /* Rubik */ = {
			isa = PBXGroup;
			children = (
				1F38E68C2BC0119B00203F95 /* Rubik-MediumItalic.ttf */,
				1F38E68D2BC0119B00203F95 /* Rubik-Bold.ttf */,
				1F38E68E2BC0119B00203F95 /* Rubik-SemiBoldItalic.ttf */,
				1F38E68F2BC0119B00203F95 /* Rubik-Light.ttf */,
				1F38E6902BC0119B00203F95 /* Rubik-Medium.ttf */,
				1F38E6912BC0119B00203F95 /* Rubik-ExtraBoldItalic.ttf */,
				1F38E6922BC0119B00203F95 /* Rubik-Black.ttf */,
				1F38E6932BC0119B00203F95 /* Rubik-Italic.ttf */,
				1F38E6942BC0119B00203F95 /* Rubik-LightItalic.ttf */,
				1F38E6952BC0119B00203F95 /* Rubik-SemiBold.ttf */,
				1F38E6962BC0119B00203F95 /* Rubik-BlackItalic.ttf */,
				1F38E6972BC0119B00203F95 /* Rubik-ExtraBold.ttf */,
				1F38E6982BC0119B00203F95 /* Rubik-Regular.ttf */,
				1F38E6992BC0119B00203F95 /* Rubik-BoldItalic.ttf */,
			);
			path = Rubik;
			sourceTree = "<group>";
		};
		1F38E6A82BC011BB00203F95 /* BebasNeue */ = {
			isa = PBXGroup;
			children = (
				1F38E6A92BC011E100203F95 /* BebasNeueBold.ttf */,
				1F38E6AB2BC011E100203F95 /* BebasNeueBook.ttf */,
				1F38E6AC2BC011E100203F95 /* BebasNeueLight.ttf */,
				1F38E6AA2BC011E100203F95 /* BebasNeueRegular.ttf */,
				1F38E6AD2BC011E100203F95 /* BebasNeueThin.ttf */,
			);
			path = BebasNeue;
			sourceTree = "<group>";
		};
		1F38E6B32BC014B400203F95 /* Cell */ = {
			isa = PBXGroup;
			children = (
				1F38E6B42BC014C600203F95 /* GenreCell.swift */,
				1F38E6B52BC014C600203F95 /* GenreCell.xib */,
				5E91FC1D2BC1B62C00AE4CDD /* MovieDetailHeader.swift */,
				5E91FC1E2BC1B62C00AE4CDD /* MovieDetailHeader.xib */,
			);
			path = Cell;
			sourceTree = "<group>";
		};
		1FCA9DB72BBE5060007C38BA /* Constant */ = {
			isa = PBXGroup;
			children = (
				1FCA9DB82BBE506A007C38BA /* Constant.swift */,
			);
			path = Constant;
			sourceTree = "<group>";
		};
		5E1F526C2BB07E2100D116B4 = {
			isa = PBXGroup;
			children = (
				5E1F52772BB07E2100D116B4 /* Filmthusiast */,
				5E1F52762BB07E2100D116B4 /* Products */,
				8A17DDE87E3542F6B88F0409 /* Pods */,
				1EA3AC405743B86C6ADCFFFB /* Frameworks */,
			);
			sourceTree = "<group>";
		};
		5E1F52762BB07E2100D116B4 /* Products */ = {
			isa = PBXGroup;
			children = (
				5E1F52752BB07E2100D116B4 /* Filmthusiast.app */,
			);
			name = Products;
			sourceTree = "<group>";
		};
		5E1F52772BB07E2100D116B4 /* Filmthusiast */ = {
			isa = PBXGroup;
			children = (
				5E3064A32BB95FA000AA5BF9 /* Extension */,
				5E86AA4D2BB915C9002FFEAE /* Common */,
				5E1F529C2BB0855200D116B4 /* Resources */,
				5E1F52972BB084DC00D116B4 /* Scene */,
				5E1F52942BB0814B00D116B4 /* Model */,
				5E1F528F2BB07F6200D116B4 /* Service */,
				5E1F52782BB07E2100D116B4 /* AppDelegate.swift */,
				5E1F52842BB07E2200D116B4 /* Assets.xcassets */,
				5E1F52892BB07E2200D116B4 /* Info.plist */,
				5E1F52812BB07E2100D116B4 /* Filmthusiast.xcdatamodeld */,
			);
			path = Filmthusiast;
			sourceTree = "<group>";
		};
		5E1F528F2BB07F6200D116B4 /* Service */ = {
			isa = PBXGroup;
			children = (
				5E1F52902BB07F7600D116B4 /* APIService.swift */,
			);
			path = Service;
			sourceTree = "<group>";
		};
		5E1F52942BB0814B00D116B4 /* Model */ = {
			isa = PBXGroup;
			children = (
				5E1F52952BB0815600D116B4 /* Movie.swift */,
				5E7C2F272BC27DC900AA0DA9 /* Cast.swift */,
			);
			path = Model;
			sourceTree = "<group>";
		};
		5E1F52972BB084DC00D116B4 /* Scene */ = {
			isa = PBXGroup;
			children = (
				5E49FE742BBB09F3009EB08B /* Loading */,
				5E3064BA2BB965A500AA5BF9 /* MovieDetail */,
				5E3064B52BB9616C00AA5BF9 /* CheckIn */,
				5E3064B02BB9614F00AA5BF9 /* Watchlist */,
				5E3064AB2BB9613000AA5BF9 /* Search */,
				5E3064A82BB960C700AA5BF9 /* TabBar */,
				5E1F52A22BB086D800D116B4 /* Home */,
			);
			path = Scene;
			sourceTree = "<group>";
		};
		5E1F529C2BB0855200D116B4 /* Resources */ = {
			isa = PBXGroup;
			children = (
				5E4FCC732BB98A2700E15B6D /* Splash */,
				5E1F529D2BB0855800D116B4 /* Font */,
			);
			path = Resources;
			sourceTree = "<group>";
		};
		5E1F529D2BB0855800D116B4 /* Font */ = {
			isa = PBXGroup;
			children = (
				1F38E6A82BC011BB00203F95 /* BebasNeue */,
				1F38E68B2BC0119B00203F95 /* Rubik */,
				5E1F52A02BB0857E00D116B4 /* kenyc.ttf */,
			);
			path = Font;
			sourceTree = "<group>";
		};
		5E1F52A22BB086D800D116B4 /* Home */ = {
			isa = PBXGroup;
			children = (
				5E1F52A32BB086DF00D116B4 /* Cell */,
				5E1F52982BB084F000D116B4 /* HomeVC.swift */,
				5E1F52992BB084F000D116B4 /* HomeVC.xib */,
			);
			path = Home;
			sourceTree = "<group>";
		};
		5E1F52A32BB086DF00D116B4 /* Cell */ = {
			isa = PBXGroup;
			children = (
				5E7C2F312BC2832A00AA0DA9 /* HomeSliderView.swift */,
				5E7C2F322BC2832A00AA0DA9 /* HomeSliderView.xib */,
				5E1F52A42BB086F800D116B4 /* HomeMovieCell.swift */,
				5E1F52A52BB086F800D116B4 /* HomeMovieCell.xib */,
				5E86AA642BB91E89002FFEAE /* HomeSectionHeader.swift */,
				5E86AA652BB91E89002FFEAE /* HomeSectionHeader.xib */,
				5E5AD1C02BBDB7CA00E36460 /* HomeShowcaseCell.swift */,
				5E5AD1C12BBDB7CA00E36460 /* HomeShowcaseCell.xib */,
			);
			path = Cell;
			sourceTree = "<group>";
		};
		5E239AB42BF9D6EB00F7428B /* MovieInfoSection */ = {
			isa = PBXGroup;
			children = (
				5E239AB52BF9D73100F7428B /* MovieInfoSection.swift */,
				5E239AB72BF9D73D00F7428B /* MovieInfoSection.xib */,
			);
			path = MovieInfoSection;
			sourceTree = "<group>";
		};
		5E3064A32BB95FA000AA5BF9 /* Extension */ = {
			isa = PBXGroup;
			children = (
				5E3064A62BB95FBA00AA5BF9 /* UIViewController+.swift */,
				5EE19DD12BBDC0B500EAC7E0 /* UIView+.swift */,
				5E91FC1B2BC1B14C00AE4CDD /* UIColor+.swift */,
			);
			path = Extension;
			sourceTree = "<group>";
		};
		5E3064A82BB960C700AA5BF9 /* TabBar */ = {
			isa = PBXGroup;
			children = (
				5E3064A92BB960DA00AA5BF9 /* TabBarVC.swift */,
			);
			path = TabBar;
			sourceTree = "<group>";
		};
		5E3064AB2BB9613000AA5BF9 /* Search */ = {
			isa = PBXGroup;
			children = (
				5E3064AC2BB9614300AA5BF9 /* SearchVC.swift */,
				5E3064AD2BB9614300AA5BF9 /* SearchVC.xib */,
			);
			path = Search;
			sourceTree = "<group>";
		};
		5E3064B02BB9614F00AA5BF9 /* Watchlist */ = {
			isa = PBXGroup;
			children = (
				5E3064B12BB9616800AA5BF9 /* WatchListVC.swift */,
				5E3064B22BB9616800AA5BF9 /* WatchListVC.xib */,
			);
			path = Watchlist;
			sourceTree = "<group>";
		};
		5E3064B52BB9616C00AA5BF9 /* CheckIn */ = {
			isa = PBXGroup;
			children = (
				5E3064B62BB961AA00AA5BF9 /* CheckInVC.swift */,
				5E3064B72BB961AA00AA5BF9 /* CheckInVC.xib */,
			);
			path = CheckIn;
			sourceTree = "<group>";
		};
		5E3064BA2BB965A500AA5BF9 /* MovieDetail */ = {
			isa = PBXGroup;
			children = (
				5EB6791C2BFA136D00F9BFBD /* CastSection */,
				5E239AB42BF9D6EB00F7428B /* MovieInfoSection */,
				1F38E6B32BC014B400203F95 /* Cell */,
				5E3064BB2BB965B600AA5BF9 /* MovieDetailVC.swift */,
				5E3064BC2BB965B600AA5BF9 /* MovieDetailVC.xib */,
			);
			path = MovieDetail;
			sourceTree = "<group>";
		};
		5E49FE742BBB09F3009EB08B /* Loading */ = {
			isa = PBXGroup;
			children = (
				5E49FE7D2BBB0CCC009EB08B /* loading.gif */,
				5EBEF0982BBC347500EBB813 /* LoadingVC.swift */,
				5EBEF0992BBC347500EBB813 /* LoadingVC.xib */,
			);
			path = Loading;
			sourceTree = "<group>";
		};
		5E4FCC732BB98A2700E15B6D /* Splash */ = {
			isa = PBXGroup;
			children = (
				5E4FCC742BB98A3000E15B6D /* Launch Screen.storyboard */,
			);
			path = Splash;
			sourceTree = "<group>";
		};
		5E86AA4D2BB915C9002FFEAE /* Common */ = {
			isa = PBXGroup;
			children = (
				1FCA9DB72BBE5060007C38BA /* Constant */,
				5EE19DD32BBDC49200EAC7E0 /* ViewController */,
				5E86AA5F2BB91C76002FFEAE /* Font */,
				5E86AA4E2BB915CE002FFEAE /* Cell */,
			);
			path = Common;
			sourceTree = "<group>";
		};
		5E86AA4E2BB915CE002FFEAE /* Cell */ = {
			isa = PBXGroup;
			children = (
				5E86AA4F2BB915E8002FFEAE /* BaseCVCell.swift */,
			);
			path = Cell;
			sourceTree = "<group>";
		};
		5E86AA5F2BB91C76002FFEAE /* Font */ = {
			isa = PBXGroup;
			children = (
				5E86AA622BB91CAB002FFEAE /* BaseLabelFont.swift */,
			);
			path = Font;
			sourceTree = "<group>";
		};
		5EB6791C2BFA136D00F9BFBD /* CastSection */ = {
			isa = PBXGroup;
			children = (
				5EB6791D2BFA137E00F9BFBD /* CastSection.swift */,
				5EB6791F2BFA138900F9BFBD /* CastSection.xib */,
			);
			path = CastSection;
			sourceTree = "<group>";
		};
		5EE19DD32BBDC49200EAC7E0 /* ViewController */ = {
			isa = PBXGroup;
			children = (
				5EE19DD42BBDC49F00EAC7E0 /* BaseVC.swift */,
			);
			path = ViewController;
			sourceTree = "<group>";
		};
		8A17DDE87E3542F6B88F0409 /* Pods */ = {
			isa = PBXGroup;
			children = (
				7DAEE9A08085DA2BCC13ACB3 /* Pods-Filmthusiast.debug.xcconfig */,
				BC22A59B5A521FA0FC75CE36 /* Pods-Filmthusiast.release.xcconfig */,
			);
			path = Pods;
			sourceTree = "<group>";
		};
/* End PBXGroup section */

/* Begin PBXNativeTarget section */
		5E1F52742BB07E2100D116B4 /* Filmthusiast */ = {
			isa = PBXNativeTarget;
			buildConfigurationList = 5E1F528C2BB07E2200D116B4 /* Build configuration list for PBXNativeTarget "Filmthusiast" */;
			buildPhases = (
				B668C09670DE59102DAA9FDA /* [CP] Check Pods Manifest.lock */,
				5E1F52712BB07E2100D116B4 /* Sources */,
				5E1F52722BB07E2100D116B4 /* Frameworks */,
				5E1F52732BB07E2100D116B4 /* Resources */,
				74BBB481815BA46DDDFD30E6 /* [CP] Embed Pods Frameworks */,
			);
			buildRules = (
			);
			dependencies = (
			);
			name = Filmthusiast;
			productName = Filmthusiast;
			productReference = 5E1F52752BB07E2100D116B4 /* Filmthusiast.app */;
			productType = "com.apple.product-type.application";
		};
/* End PBXNativeTarget section */

/* Begin PBXProject section */
		5E1F526D2BB07E2100D116B4 /* Project object */ = {
			isa = PBXProject;
			attributes = {
				BuildIndependentTargetsInParallel = 1;
				LastSwiftUpdateCheck = 1530;
				LastUpgradeCheck = 1530;
				TargetAttributes = {
					5E1F52742BB07E2100D116B4 = {
						CreatedOnToolsVersion = 15.3;
					};
				};
			};
			buildConfigurationList = 5E1F52702BB07E2100D116B4 /* Build configuration list for PBXProject "Filmthusiast" */;
			compatibilityVersion = "Xcode 14.0";
			developmentRegion = en;
			hasScannedForEncodings = 0;
			knownRegions = (
				en,
				Base,
			);
			mainGroup = 5E1F526C2BB07E2100D116B4;
			productRefGroup = 5E1F52762BB07E2100D116B4 /* Products */;
			projectDirPath = "";
			projectRoot = "";
			targets = (
				5E1F52742BB07E2100D116B4 /* Filmthusiast */,
			);
		};
/* End PBXProject section */

/* Begin PBXResourcesBuildPhase section */
		5E1F52732BB07E2100D116B4 /* Resources */ = {
			isa = PBXResourcesBuildPhase;
			buildActionMask = 2147483647;
			files = (
				5E7C2F342BC2832A00AA0DA9 /* HomeSliderView.xib in Resources */,
				5E3064BE2BB965B600AA5BF9 /* MovieDetailVC.xib in Resources */,
				5E1F52852BB07E2200D116B4 /* Assets.xcassets in Resources */,
				5E1F52A12BB0857E00D116B4 /* kenyc.ttf in Resources */,
				5E3064B42BB9616800AA5BF9 /* WatchListVC.xib in Resources */,
				1F38E6B22BC011E100203F95 /* BebasNeueThin.ttf in Resources */,
				1F38E69B2BC0119B00203F95 /* Rubik-Bold.ttf in Resources */,
				1F38E69D2BC0119B00203F95 /* Rubik-Light.ttf in Resources */,
				1F38E6B12BC011E100203F95 /* BebasNeueLight.ttf in Resources */,
				5E91FC202BC1B62C00AE4CDD /* MovieDetailHeader.xib in Resources */,
				5E86AA672BB91E89002FFEAE /* HomeSectionHeader.xib in Resources */,
				1F38E69F2BC0119B00203F95 /* Rubik-ExtraBoldItalic.ttf in Resources */,
				1F38E6A62BC0119B00203F95 /* Rubik-Regular.ttf in Resources */,
				1F38E6A22BC0119B00203F95 /* Rubik-LightItalic.ttf in Resources */,
				5E239AB82BF9D73D00F7428B /* MovieInfoSection.xib in Resources */,
				1F38E6A52BC0119B00203F95 /* Rubik-ExtraBold.ttf in Resources */,
				5E3064B92BB961AA00AA5BF9 /* CheckInVC.xib in Resources */,
				1F38E6A32BC0119B00203F95 /* Rubik-SemiBold.ttf in Resources */,
				1F38E6AE2BC011E100203F95 /* BebasNeueBold.ttf in Resources */,
				5E5AD1C22BBDB7CA00E36460 /* HomeShowcaseCell.xib in Resources */,
				5E49FE7E2BBB0CCC009EB08B /* loading.gif in Resources */,
				1F38E6A02BC0119B00203F95 /* Rubik-Black.ttf in Resources */,
				5E4FCC752BB98A3000E15B6D /* Launch Screen.storyboard in Resources */,
				1F38E69C2BC0119B00203F95 /* Rubik-SemiBoldItalic.ttf in Resources */,
				5EB679202BFA138900F9BFBD /* CastSection.xib in Resources */,
				1F38E69E2BC0119B00203F95 /* Rubik-Medium.ttf in Resources */,
				1F38E6B02BC011E100203F95 /* BebasNeueBook.ttf in Resources */,
				1F38E6A42BC0119B00203F95 /* Rubik-BlackItalic.ttf in Resources */,
				1F38E6AF2BC011E100203F95 /* BebasNeueRegular.ttf in Resources */,
				5EBEF09A2BBC347500EBB813 /* LoadingVC.xib in Resources */,
				5E3064AF2BB9614300AA5BF9 /* SearchVC.xib in Resources */,
				1F38E6B72BC014C600203F95 /* GenreCell.xib in Resources */,
				1F38E6A72BC0119B00203F95 /* Rubik-BoldItalic.ttf in Resources */,
				1F38E6A12BC0119B00203F95 /* Rubik-Italic.ttf in Resources */,
				5E91FC212BC1B71700AE4CDD /* Rubik-MediumItalic.ttf in Resources */,
				5E1F529A2BB084F000D116B4 /* HomeVC.xib in Resources */,
				5E1F52A62BB086F800D116B4 /* HomeMovieCell.xib in Resources */,
			);
			runOnlyForDeploymentPostprocessing = 0;
		};
/* End PBXResourcesBuildPhase section */

/* Begin PBXShellScriptBuildPhase section */
		74BBB481815BA46DDDFD30E6 /* [CP] Embed Pods Frameworks */ = {
			isa = PBXShellScriptBuildPhase;
			buildActionMask = 2147483647;
			files = (
			);
			inputFileListPaths = (
				"${PODS_ROOT}/Target Support Files/Pods-Filmthusiast/Pods-Filmthusiast-frameworks-${CONFIGURATION}-input-files.xcfilelist",
			);
			name = "[CP] Embed Pods Frameworks";
			outputFileListPaths = (
				"${PODS_ROOT}/Target Support Files/Pods-Filmthusiast/Pods-Filmthusiast-frameworks-${CONFIGURATION}-output-files.xcfilelist",
			);
			runOnlyForDeploymentPostprocessing = 0;
			shellPath = /bin/sh;
			shellScript = "\"${PODS_ROOT}/Target Support Files/Pods-Filmthusiast/Pods-Filmthusiast-frameworks.sh\"\n";
			showEnvVarsInLog = 0;
		};
		B668C09670DE59102DAA9FDA /* [CP] Check Pods Manifest.lock */ = {
			isa = PBXShellScriptBuildPhase;
			buildActionMask = 2147483647;
			files = (
			);
			inputFileListPaths = (
			);
			inputPaths = (
				"${PODS_PODFILE_DIR_PATH}/Podfile.lock",
				"${PODS_ROOT}/Manifest.lock",
			);
			name = "[CP] Check Pods Manifest.lock";
			outputFileListPaths = (
			);
			outputPaths = (
				"$(DERIVED_FILE_DIR)/Pods-Filmthusiast-checkManifestLockResult.txt",
			);
			runOnlyForDeploymentPostprocessing = 0;
			shellPath = /bin/sh;
			shellScript = "diff \"${PODS_PODFILE_DIR_PATH}/Podfile.lock\" \"${PODS_ROOT}/Manifest.lock\" > /dev/null\nif [ $? != 0 ] ; then\n    # print error to STDERR\n    echo \"error: The sandbox is not in sync with the Podfile.lock. Run 'pod install' or update your CocoaPods installation.\" >&2\n    exit 1\nfi\n# This output is used by Xcode 'outputs' to avoid re-running this script phase.\necho \"SUCCESS\" > \"${SCRIPT_OUTPUT_FILE_0}\"\n";
			showEnvVarsInLog = 0;
		};
/* End PBXShellScriptBuildPhase section */

/* Begin PBXSourcesBuildPhase section */
		5E1F52712BB07E2100D116B4 /* Sources */ = {
			isa = PBXSourcesBuildPhase;
			buildActionMask = 2147483647;
			files = (
				5E86AA632BB91CAB002FFEAE /* BaseLabelFont.swift in Sources */,
				5E7C2F282BC27DC900AA0DA9 /* Cast.swift in Sources */,
				5E3064A72BB95FBA00AA5BF9 /* UIViewController+.swift in Sources */,
				5E1F529B2BB084F000D116B4 /* HomeVC.swift in Sources */,
				5EE19DD22BBDC0B500EAC7E0 /* UIView+.swift in Sources */,
				5EB6791E2BFA137E00F9BFBD /* CastSection.swift in Sources */,
				5E7C2F332BC2832A00AA0DA9 /* HomeSliderView.swift in Sources */,
				5E1F52792BB07E2100D116B4 /* AppDelegate.swift in Sources */,
				5E1F52962BB0815600D116B4 /* Movie.swift in Sources */,
				5E3064AE2BB9614300AA5BF9 /* SearchVC.swift in Sources */,
				5E1F52A72BB086F800D116B4 /* HomeMovieCell.swift in Sources */,
				5E239AB62BF9D73100F7428B /* MovieInfoSection.swift in Sources */,
				5E3064B82BB961AA00AA5BF9 /* CheckInVC.swift in Sources */,
				5E1F52912BB07F7600D116B4 /* APIService.swift in Sources */,
				5E3064B32BB9616800AA5BF9 /* WatchListVC.swift in Sources */,
				5EBEF09B2BBC347500EBB813 /* LoadingVC.swift in Sources */,
				5E3064BD2BB965B600AA5BF9 /* MovieDetailVC.swift in Sources */,
				5E91FC1F2BC1B62C00AE4CDD /* MovieDetailHeader.swift in Sources */,
				5E3064AA2BB960DA00AA5BF9 /* TabBarVC.swift in Sources */,
				5E1F52832BB07E2100D116B4 /* Filmthusiast.xcdatamodeld in Sources */,
				5E86AA502BB915E8002FFEAE /* BaseCVCell.swift in Sources */,
				5E86AA662BB91E89002FFEAE /* HomeSectionHeader.swift in Sources */,
				1FCA9DB92BBE506A007C38BA /* Constant.swift in Sources */,
				1F38E6B62BC014C600203F95 /* GenreCell.swift in Sources */,
				5EE19DD52BBDC49F00EAC7E0 /* BaseVC.swift in Sources */,
				5E91FC1C2BC1B14C00AE4CDD /* UIColor+.swift in Sources */,
				5E5AD1C32BBDB7CA00E36460 /* HomeShowcaseCell.swift in Sources */,
			);
			runOnlyForDeploymentPostprocessing = 0;
		};
/* End PBXSourcesBuildPhase section */

/* Begin XCBuildConfiguration section */
		5E1F528A2BB07E2200D116B4 /* Debug */ = {
			isa = XCBuildConfiguration;
			buildSettings = {
				ALWAYS_SEARCH_USER_PATHS = NO;
				ASSETCATALOG_COMPILER_GENERATE_SWIFT_ASSET_SYMBOL_EXTENSIONS = YES;
				CLANG_ANALYZER_NONNULL = YES;
				CLANG_ANALYZER_NUMBER_OBJECT_CONVERSION = YES_AGGRESSIVE;
				CLANG_CXX_LANGUAGE_STANDARD = "gnu++20";
				CLANG_ENABLE_MODULES = YES;
				CLANG_ENABLE_OBJC_ARC = YES;
				CLANG_ENABLE_OBJC_WEAK = YES;
				CLANG_WARN_BLOCK_CAPTURE_AUTORELEASING = YES;
				CLANG_WARN_BOOL_CONVERSION = YES;
				CLANG_WARN_COMMA = YES;
				CLANG_WARN_CONSTANT_CONVERSION = YES;
				CLANG_WARN_DEPRECATED_OBJC_IMPLEMENTATIONS = YES;
				CLANG_WARN_DIRECT_OBJC_ISA_USAGE = YES_ERROR;
				CLANG_WARN_DOCUMENTATION_COMMENTS = YES;
				CLANG_WARN_EMPTY_BODY = YES;
				CLANG_WARN_ENUM_CONVERSION = YES;
				CLANG_WARN_INFINITE_RECURSION = YES;
				CLANG_WARN_INT_CONVERSION = YES;
				CLANG_WARN_NON_LITERAL_NULL_CONVERSION = YES;
				CLANG_WARN_OBJC_IMPLICIT_RETAIN_SELF = YES;
				CLANG_WARN_OBJC_LITERAL_CONVERSION = YES;
				CLANG_WARN_OBJC_ROOT_CLASS = YES_ERROR;
				CLANG_WARN_QUOTED_INCLUDE_IN_FRAMEWORK_HEADER = YES;
				CLANG_WARN_RANGE_LOOP_ANALYSIS = YES;
				CLANG_WARN_STRICT_PROTOTYPES = YES;
				CLANG_WARN_SUSPICIOUS_MOVE = YES;
				CLANG_WARN_UNGUARDED_AVAILABILITY = YES_AGGRESSIVE;
				CLANG_WARN_UNREACHABLE_CODE = YES;
				CLANG_WARN__DUPLICATE_METHOD_MATCH = YES;
				COPY_PHASE_STRIP = NO;
				DEBUG_INFORMATION_FORMAT = dwarf;
				ENABLE_STRICT_OBJC_MSGSEND = YES;
				ENABLE_TESTABILITY = YES;
				ENABLE_USER_SCRIPT_SANDBOXING = YES;
				GCC_C_LANGUAGE_STANDARD = gnu17;
				GCC_DYNAMIC_NO_PIC = NO;
				GCC_NO_COMMON_BLOCKS = YES;
				GCC_OPTIMIZATION_LEVEL = 0;
				GCC_PREPROCESSOR_DEFINITIONS = (
					"DEBUG=1",
					"$(inherited)",
				);
				GCC_WARN_64_TO_32_BIT_CONVERSION = YES;
				GCC_WARN_ABOUT_RETURN_TYPE = YES_ERROR;
				GCC_WARN_UNDECLARED_SELECTOR = YES;
				GCC_WARN_UNINITIALIZED_AUTOS = YES_AGGRESSIVE;
				GCC_WARN_UNUSED_FUNCTION = YES;
				GCC_WARN_UNUSED_VARIABLE = YES;
				IPHONEOS_DEPLOYMENT_TARGET = 17.4;
				LOCALIZATION_PREFERS_STRING_CATALOGS = YES;
				MTL_ENABLE_DEBUG_INFO = INCLUDE_SOURCE;
				MTL_FAST_MATH = YES;
				ONLY_ACTIVE_ARCH = YES;
				SDKROOT = iphoneos;
				SWIFT_ACTIVE_COMPILATION_CONDITIONS = "DEBUG $(inherited)";
				SWIFT_OPTIMIZATION_LEVEL = "-Onone";
			};
			name = Debug;
		};
		5E1F528B2BB07E2200D116B4 /* Release */ = {
			isa = XCBuildConfiguration;
			buildSettings = {
				ALWAYS_SEARCH_USER_PATHS = NO;
				ASSETCATALOG_COMPILER_GENERATE_SWIFT_ASSET_SYMBOL_EXTENSIONS = YES;
				CLANG_ANALYZER_NONNULL = YES;
				CLANG_ANALYZER_NUMBER_OBJECT_CONVERSION = YES_AGGRESSIVE;
				CLANG_CXX_LANGUAGE_STANDARD = "gnu++20";
				CLANG_ENABLE_MODULES = YES;
				CLANG_ENABLE_OBJC_ARC = YES;
				CLANG_ENABLE_OBJC_WEAK = YES;
				CLANG_WARN_BLOCK_CAPTURE_AUTORELEASING = YES;
				CLANG_WARN_BOOL_CONVERSION = YES;
				CLANG_WARN_COMMA = YES;
				CLANG_WARN_CONSTANT_CONVERSION = YES;
				CLANG_WARN_DEPRECATED_OBJC_IMPLEMENTATIONS = YES;
				CLANG_WARN_DIRECT_OBJC_ISA_USAGE = YES_ERROR;
				CLANG_WARN_DOCUMENTATION_COMMENTS = YES;
				CLANG_WARN_EMPTY_BODY = YES;
				CLANG_WARN_ENUM_CONVERSION = YES;
				CLANG_WARN_INFINITE_RECURSION = YES;
				CLANG_WARN_INT_CONVERSION = YES;
				CLANG_WARN_NON_LITERAL_NULL_CONVERSION = YES;
				CLANG_WARN_OBJC_IMPLICIT_RETAIN_SELF = YES;
				CLANG_WARN_OBJC_LITERAL_CONVERSION = YES;
				CLANG_WARN_OBJC_ROOT_CLASS = YES_ERROR;
				CLANG_WARN_QUOTED_INCLUDE_IN_FRAMEWORK_HEADER = YES;
				CLANG_WARN_RANGE_LOOP_ANALYSIS = YES;
				CLANG_WARN_STRICT_PROTOTYPES = YES;
				CLANG_WARN_SUSPICIOUS_MOVE = YES;
				CLANG_WARN_UNGUARDED_AVAILABILITY = YES_AGGRESSIVE;
				CLANG_WARN_UNREACHABLE_CODE = YES;
				CLANG_WARN__DUPLICATE_METHOD_MATCH = YES;
				COPY_PHASE_STRIP = NO;
				DEBUG_INFORMATION_FORMAT = "dwarf-with-dsym";
				ENABLE_NS_ASSERTIONS = NO;
				ENABLE_STRICT_OBJC_MSGSEND = YES;
				ENABLE_USER_SCRIPT_SANDBOXING = YES;
				GCC_C_LANGUAGE_STANDARD = gnu17;
				GCC_NO_COMMON_BLOCKS = YES;
				GCC_WARN_64_TO_32_BIT_CONVERSION = YES;
				GCC_WARN_ABOUT_RETURN_TYPE = YES_ERROR;
				GCC_WARN_UNDECLARED_SELECTOR = YES;
				GCC_WARN_UNINITIALIZED_AUTOS = YES_AGGRESSIVE;
				GCC_WARN_UNUSED_FUNCTION = YES;
				GCC_WARN_UNUSED_VARIABLE = YES;
				IPHONEOS_DEPLOYMENT_TARGET = 17.4;
				LOCALIZATION_PREFERS_STRING_CATALOGS = YES;
				MTL_ENABLE_DEBUG_INFO = NO;
				MTL_FAST_MATH = YES;
				SDKROOT = iphoneos;
				SWIFT_COMPILATION_MODE = wholemodule;
				VALIDATE_PRODUCT = YES;
			};
			name = Release;
		};
		5E1F528D2BB07E2200D116B4 /* Debug */ = {
			isa = XCBuildConfiguration;
			baseConfigurationReference = 7DAEE9A08085DA2BCC13ACB3 /* Pods-Filmthusiast.debug.xcconfig */;
			buildSettings = {
				ASSETCATALOG_COMPILER_APPICON_NAME = AppIcon;
				ASSETCATALOG_COMPILER_GLOBAL_ACCENT_COLOR_NAME = AccentColor;
				CODE_SIGN_STYLE = Automatic;
				CURRENT_PROJECT_VERSION = 1;
				DEVELOPMENT_TEAM = 267YL39X87;
				ENABLE_USER_SCRIPT_SANDBOXING = NO;
				GENERATE_INFOPLIST_FILE = YES;
				INFOPLIST_FILE = Filmthusiast/Info.plist;
				INFOPLIST_KEY_UIApplicationSupportsIndirectInputEvents = YES;
				INFOPLIST_KEY_UILaunchStoryboardName = "Launch Screen.storyboard";
				INFOPLIST_KEY_UIMainStoryboardFile = "";
				INFOPLIST_KEY_UISupportedInterfaceOrientations = UIInterfaceOrientationPortrait;
				INFOPLIST_KEY_UISupportedInterfaceOrientations_iPad = "UIInterfaceOrientationLandscapeLeft UIInterfaceOrientationLandscapeRight UIInterfaceOrientationPortrait UIInterfaceOrientationPortraitUpsideDown";
				IPHONEOS_DEPLOYMENT_TARGET = 17.0;
				LD_RUNPATH_SEARCH_PATHS = (
					"$(inherited)",
					"@executable_path/Frameworks",
				);
				MARKETING_VERSION = 1.0;
				PRODUCT_BUNDLE_IDENTIFIER = com.Filmthusiast;
				PRODUCT_NAME = "$(TARGET_NAME)";
				SWIFT_EMIT_LOC_STRINGS = YES;
				SWIFT_VERSION = 5.0;
				TARGETED_DEVICE_FAMILY = "1,2";
			};
			name = Debug;
		};
		5E1F528E2BB07E2200D116B4 /* Release */ = {
			isa = XCBuildConfiguration;
			baseConfigurationReference = BC22A59B5A521FA0FC75CE36 /* Pods-Filmthusiast.release.xcconfig */;
			buildSettings = {
				ASSETCATALOG_COMPILER_APPICON_NAME = AppIcon;
				ASSETCATALOG_COMPILER_GLOBAL_ACCENT_COLOR_NAME = AccentColor;
				CODE_SIGN_STYLE = Automatic;
				CURRENT_PROJECT_VERSION = 1;
				DEVELOPMENT_TEAM = 267YL39X87;
				ENABLE_USER_SCRIPT_SANDBOXING = NO;
				GENERATE_INFOPLIST_FILE = YES;
				INFOPLIST_FILE = Filmthusiast/Info.plist;
				INFOPLIST_KEY_UIApplicationSupportsIndirectInputEvents = YES;
				INFOPLIST_KEY_UILaunchStoryboardName = "Launch Screen.storyboard";
				INFOPLIST_KEY_UIMainStoryboardFile = "";
				INFOPLIST_KEY_UISupportedInterfaceOrientations = UIInterfaceOrientationPortrait;
				INFOPLIST_KEY_UISupportedInterfaceOrientations_iPad = "UIInterfaceOrientationLandscapeLeft UIInterfaceOrientationLandscapeRight UIInterfaceOrientationPortrait UIInterfaceOrientationPortraitUpsideDown";
				IPHONEOS_DEPLOYMENT_TARGET = 17.0;
				LD_RUNPATH_SEARCH_PATHS = (
					"$(inherited)",
					"@executable_path/Frameworks",
				);
				MARKETING_VERSION = 1.0;
				PRODUCT_BUNDLE_IDENTIFIER = com.Filmthusiast;
				PRODUCT_NAME = "$(TARGET_NAME)";
				SWIFT_EMIT_LOC_STRINGS = YES;
				SWIFT_VERSION = 5.0;
				TARGETED_DEVICE_FAMILY = "1,2";
			};
			name = Release;
		};
/* End XCBuildConfiguration section */

/* Begin XCConfigurationList section */
		5E1F52702BB07E2100D116B4 /* Build configuration list for PBXProject "Filmthusiast" */ = {
			isa = XCConfigurationList;
			buildConfigurations = (
				5E1F528A2BB07E2200D116B4 /* Debug */,
				5E1F528B2BB07E2200D116B4 /* Release */,
			);
			defaultConfigurationIsVisible = 0;
			defaultConfigurationName = Release;
		};
		5E1F528C2BB07E2200D116B4 /* Build configuration list for PBXNativeTarget "Filmthusiast" */ = {
			isa = XCConfigurationList;
			buildConfigurations = (
				5E1F528D2BB07E2200D116B4 /* Debug */,
				5E1F528E2BB07E2200D116B4 /* Release */,
			);
			defaultConfigurationIsVisible = 0;
			defaultConfigurationName = Release;
		};
/* End XCConfigurationList section */

/* Begin XCVersionGroup section */
		5E1F52812BB07E2100D116B4 /* Filmthusiast.xcdatamodeld */ = {
			isa = XCVersionGroup;
			children = (
				5E1F52822BB07E2100D116B4 /* Filmthusiast.xcdatamodel */,
			);
			currentVersion = 5E1F52822BB07E2100D116B4 /* Filmthusiast.xcdatamodel */;
			path = Filmthusiast.xcdatamodeld;
			sourceTree = "<group>";
			versionGroupType = wrapper.xcdatamodel;
		};
/* End XCVersionGroup section */
	};
	rootObject = 5E1F526D2BB07E2100D116B4 /* Project object */;
}
